// !$*UTF8*$!
{
	archiveVersion = 1;
	classes = {
	};
	objectVersion = 46;
	objects = {

/* Begin PBXBuildFile section */
		B24511971875BFF3009B328C /* JSOffURLProtocol.m in Sources */ = {isa = PBXBuildFile; fileRef = B24511961875BFF3009B328C /* JSOffURLProtocol.m */; };
		B2576D4918688FA6008A28A1 /* Foundation.framework in Frameworks */ = {isa = PBXBuildFile; fileRef = B2576D4818688FA6008A28A1 /* Foundation.framework */; };
		B2576D4B18688FA6008A28A1 /* CoreGraphics.framework in Frameworks */ = {isa = PBXBuildFile; fileRef = B2576D4A18688FA6008A28A1 /* CoreGraphics.framework */; };
		B2576D4D18688FA6008A28A1 /* UIKit.framework in Frameworks */ = {isa = PBXBuildFile; fileRef = B2576D4C18688FA6008A28A1 /* UIKit.framework */; };
		B2576D5318688FA6008A28A1 /* InfoPlist.strings in Resources */ = {isa = PBXBuildFile; fileRef = B2576D5118688FA6008A28A1 /* InfoPlist.strings */; };
		B2576D5518688FA6008A28A1 /* main.m in Sources */ = {isa = PBXBuildFile; fileRef = B2576D5418688FA6008A28A1 /* main.m */; };
		B2576D5918688FA6008A28A1 /* LCPAppDelegate.m in Sources */ = {isa = PBXBuildFile; fileRef = B2576D5818688FA6008A28A1 /* LCPAppDelegate.m */; };
		B2576D5C18688FA6008A28A1 /* Main.storyboard in Resources */ = {isa = PBXBuildFile; fileRef = B2576D5A18688FA6008A28A1 /* Main.storyboard */; };
		B2576D5F18688FA6008A28A1 /* LCPViewController.m in Sources */ = {isa = PBXBuildFile; fileRef = B2576D5E18688FA6008A28A1 /* LCPViewController.m */; };
		B2576D6118688FA6008A28A1 /* Images.xcassets in Resources */ = {isa = PBXBuildFile; fileRef = B2576D6018688FA6008A28A1 /* Images.xcassets */; };
		B2576D6818688FA6008A28A1 /* XCTest.framework in Frameworks */ = {isa = PBXBuildFile; fileRef = B2576D6718688FA6008A28A1 /* XCTest.framework */; };
		B2576D6918688FA6008A28A1 /* Foundation.framework in Frameworks */ = {isa = PBXBuildFile; fileRef = B2576D4818688FA6008A28A1 /* Foundation.framework */; };
		B2576D6A18688FA6008A28A1 /* UIKit.framework in Frameworks */ = {isa = PBXBuildFile; fileRef = B2576D4C18688FA6008A28A1 /* UIKit.framework */; };
		B2576D7218688FA6008A28A1 /* InfoPlist.strings in Resources */ = {isa = PBXBuildFile; fileRef = B2576D7018688FA6008A28A1 /* InfoPlist.strings */; };
		B2576D7418688FA6008A28A1 /* JavascriptOff_for_iPadTests.m in Sources */ = {isa = PBXBuildFile; fileRef = B2576D7318688FA6008A28A1 /* JavascriptOff_for_iPadTests.m */; };
/* End PBXBuildFile section */

/* Begin PBXContainerItemProxy section */
		B2576D6B18688FA6008A28A1 /* PBXContainerItemProxy */ = {
			isa = PBXContainerItemProxy;
			containerPortal = B2576D3D18688FA6008A28A1 /* Project object */;
			proxyType = 1;
			remoteGlobalIDString = B2576D4418688FA6008A28A1;
			remoteInfo = "JavascriptOff for iPad";
		};
/* End PBXContainerItemProxy section */

/* Begin PBXFileReference section */
		B24511951875BFF3009B328C /* JSOffURLProtocol.h */ = {isa = PBXFileReference; fileEncoding = 4; lastKnownFileType = sourcecode.c.h; path = JSOffURLProtocol.h; sourceTree = "<group>"; };
		B24511961875BFF3009B328C /* JSOffURLProtocol.m */ = {isa = PBXFileReference; fileEncoding = 4; lastKnownFileType = sourcecode.c.objc; path = JSOffURLProtocol.m; sourceTree = "<group>"; };
		B2576D4518688FA6008A28A1 /* JavascriptOff for iPad.app */ = {isa = PBXFileReference; explicitFileType = wrapper.application; includeInIndex = 0; path = "JavascriptOff for iPad.app"; sourceTree = BUILT_PRODUCTS_DIR; };
		B2576D4818688FA6008A28A1 /* Foundation.framework */ = {isa = PBXFileReference; lastKnownFileType = wrapper.framework; name = Foundation.framework; path = System/Library/Frameworks/Foundation.framework; sourceTree = SDKROOT; };
		B2576D4A18688FA6008A28A1 /* CoreGraphics.framework */ = {isa = PBXFileReference; lastKnownFileType = wrapper.framework; name = CoreGraphics.framework; path = System/Library/Frameworks/CoreGraphics.framework; sourceTree = SDKROOT; };
		B2576D4C18688FA6008A28A1 /* UIKit.framework */ = {isa = PBXFileReference; lastKnownFileType = wrapper.framework; name = UIKit.framework; path = System/Library/Frameworks/UIKit.framework; sourceTree = SDKROOT; };
		B2576D5018688FA6008A28A1 /* JavascriptOff for iPad-Info.plist */ = {isa = PBXFileReference; lastKnownFileType = text.plist.xml; path = "JavascriptOff for iPad-Info.plist"; sourceTree = "<group>"; };
		B2576D5218688FA6008A28A1 /* en */ = {isa = PBXFileReference; lastKnownFileType = text.plist.strings; name = en; path = en.lproj/InfoPlist.strings; sourceTree = "<group>"; };
		B2576D5418688FA6008A28A1 /* main.m */ = {isa = PBXFileReference; lastKnownFileType = sourcecode.c.objc; path = main.m; sourceTree = "<group>"; };
		B2576D5618688FA6008A28A1 /* JavascriptOff for iPad-Prefix.pch */ = {isa = PBXFileReference; lastKnownFileType = sourcecode.c.h; path = "JavascriptOff for iPad-Prefix.pch"; sourceTree = "<group>"; };
		B2576D5718688FA6008A28A1 /* LCPAppDelegate.h */ = {isa = PBXFileReference; lastKnownFileType = sourcecode.c.h; path = LCPAppDelegate.h; sourceTree = "<group>"; };
		B2576D5818688FA6008A28A1 /* LCPAppDelegate.m */ = {isa = PBXFileReference; lastKnownFileType = sourcecode.c.objc; path = LCPAppDelegate.m; sourceTree = "<group>"; };
		B2576D5B18688FA6008A28A1 /* Base */ = {isa = PBXFileReference; lastKnownFileType = file.storyboard; name = Base; path = Base.lproj/Main.storyboard; sourceTree = "<group>"; };
		B2576D5D18688FA6008A28A1 /* LCPViewController.h */ = {isa = PBXFileReference; lastKnownFileType = sourcecode.c.h; path = LCPViewController.h; sourceTree = "<group>"; };
		B2576D5E18688FA6008A28A1 /* LCPViewController.m */ = {isa = PBXFileReference; lastKnownFileType = sourcecode.c.objc; path = LCPViewController.m; sourceTree = "<group>"; };
		B2576D6018688FA6008A28A1 /* Images.xcassets */ = {isa = PBXFileReference; lastKnownFileType = folder.assetcatalog; path = Images.xcassets; sourceTree = "<group>"; };
		B2576D6618688FA6008A28A1 /* JavascriptOff for iPadTests.xctest */ = {isa = PBXFileReference; explicitFileType = wrapper.cfbundle; includeInIndex = 0; path = "JavascriptOff for iPadTests.xctest"; sourceTree = BUILT_PRODUCTS_DIR; };
		B2576D6718688FA6008A28A1 /* XCTest.framework */ = {isa = PBXFileReference; lastKnownFileType = wrapper.framework; name = XCTest.framework; path = Library/Frameworks/XCTest.framework; sourceTree = DEVELOPER_DIR; };
		B2576D6F18688FA6008A28A1 /* JavascriptOff for iPadTests-Info.plist */ = {isa = PBXFileReference; lastKnownFileType = text.plist.xml; path = "JavascriptOff for iPadTests-Info.plist"; sourceTree = "<group>"; };
		B2576D7118688FA6008A28A1 /* en */ = {isa = PBXFileReference; lastKnownFileType = text.plist.strings; name = en; path = en.lproj/InfoPlist.strings; sourceTree = "<group>"; };
		B2576D7318688FA6008A28A1 /* JavascriptOff_for_iPadTests.m */ = {isa = PBXFileReference; lastKnownFileType = sourcecode.c.objc; path = JavascriptOff_for_iPadTests.m; sourceTree = "<group>"; };
/* End PBXFileReference section */

/* Begin PBXFrameworksBuildPhase section */
		B2576D4218688FA6008A28A1 /* Frameworks */ = {
			isa = PBXFrameworksBuildPhase;
			buildActionMask = 2147483647;
			files = (
				B2576D4B18688FA6008A28A1 /* CoreGraphics.framework in Frameworks */,
				B2576D4D18688FA6008A28A1 /* UIKit.framework in Frameworks */,
				B2576D4918688FA6008A28A1 /* Foundation.framework in Frameworks */,
			);
			runOnlyForDeploymentPostprocessing = 0;
		};
		B2576D6318688FA6008A28A1 /* Frameworks */ = {
			isa = PBXFrameworksBuildPhase;
			buildActionMask = 2147483647;
			files = (
				B2576D6818688FA6008A28A1 /* XCTest.framework in Frameworks */,
				B2576D6A18688FA6008A28A1 /* UIKit.framework in Frameworks */,
				B2576D6918688FA6008A28A1 /* Foundation.framework in Frameworks */,
			);
			runOnlyForDeploymentPostprocessing = 0;
		};
/* End PBXFrameworksBuildPhase section */

/* Begin PBXGroup section */
		B2576D3C18688FA6008A28A1 = {
			isa = PBXGroup;
			children = (
				B2576D4E18688FA6008A28A1 /* JavascriptOff for iPad */,
				B2576D6D18688FA6008A28A1 /* JavascriptOff for iPadTests */,
				B2576D4718688FA6008A28A1 /* Frameworks */,
				B2576D4618688FA6008A28A1 /* Products */,
			);
			sourceTree = "<group>";
		};
		B2576D4618688FA6008A28A1 /* Products */ = {
			isa = PBXGroup;
			children = (
				B2576D4518688FA6008A28A1 /* JavascriptOff for iPad.app */,
				B2576D6618688FA6008A28A1 /* JavascriptOff for iPadTests.xctest */,
			);
			name = Products;
			sourceTree = "<group>";
		};
		B2576D4718688FA6008A28A1 /* Frameworks */ = {
			isa = PBXGroup;
			children = (
				B2576D4818688FA6008A28A1 /* Foundation.framework */,
				B2576D4A18688FA6008A28A1 /* CoreGraphics.framework */,
				B2576D4C18688FA6008A28A1 /* UIKit.framework */,
				B2576D6718688FA6008A28A1 /* XCTest.framework */,
			);
			name = Frameworks;
			sourceTree = "<group>";
		};
		B2576D4E18688FA6008A28A1 /* JavascriptOff for iPad */ = {
			isa = PBXGroup;
			children = (
				B2576D5718688FA6008A28A1 /* LCPAppDelegate.h */,
				B2576D5818688FA6008A28A1 /* LCPAppDelegate.m */,
				B2576D5A18688FA6008A28A1 /* Main.storyboard */,
				B2576D5D18688FA6008A28A1 /* LCPViewController.h */,
				B2576D5E18688FA6008A28A1 /* LCPViewController.m */,
				B24511951875BFF3009B328C /* JSOffURLProtocol.h */,
				B24511961875BFF3009B328C /* JSOffURLProtocol.m */,
				B2576D6018688FA6008A28A1 /* Images.xcassets */,
				B2576D4F18688FA6008A28A1 /* Supporting Files */,
			);
			path = "JavascriptOff for iPad";
			sourceTree = "<group>";
		};
		B2576D4F18688FA6008A28A1 /* Supporting Files */ = {
			isa = PBXGroup;
			children = (
				B2576D5018688FA6008A28A1 /* JavascriptOff for iPad-Info.plist */,
				B2576D5118688FA6008A28A1 /* InfoPlist.strings */,
				B2576D5418688FA6008A28A1 /* main.m */,
				B2576D5618688FA6008A28A1 /* JavascriptOff for iPad-Prefix.pch */,
			);
			name = "Supporting Files";
			sourceTree = "<group>";
		};
		B2576D6D18688FA6008A28A1 /* JavascriptOff for iPadTests */ = {
			isa = PBXGroup;
			children = (
				B2576D7318688FA6008A28A1 /* JavascriptOff_for_iPadTests.m */,
				B2576D6E18688FA6008A28A1 /* Supporting Files */,
			);
			path = "JavascriptOff for iPadTests";
			sourceTree = "<group>";
		};
		B2576D6E18688FA6008A28A1 /* Supporting Files */ = {
			isa = PBXGroup;
			children = (
				B2576D6F18688FA6008A28A1 /* JavascriptOff for iPadTests-Info.plist */,
				B2576D7018688FA6008A28A1 /* InfoPlist.strings */,
			);
			name = "Supporting Files";
			sourceTree = "<group>";
		};
/* End PBXGroup section */

/* Begin PBXNativeTarget section */
		B2576D4418688FA6008A28A1 /* JavascriptOff for iPad */ = {
			isa = PBXNativeTarget;
			buildConfigurationList = B2576D7718688FA6008A28A1 /* Build configuration list for PBXNativeTarget "JavascriptOff for iPad" */;
			buildPhases = (
				B2576D4118688FA6008A28A1 /* Sources */,
				B2576D4218688FA6008A28A1 /* Frameworks */,
				B2576D4318688FA6008A28A1 /* Resources */,
			);
			buildRules = (
			);
			dependencies = (
			);
			name = "JavascriptOff for iPad";
			productName = "JavascriptOff for iPad";
			productReference = B2576D4518688FA6008A28A1 /* JavascriptOff for iPad.app */;
			productType = "com.apple.product-type.application";
		};
		B2576D6518688FA6008A28A1 /* JavascriptOff for iPadTests */ = {
			isa = PBXNativeTarget;
			buildConfigurationList = B2576D7A18688FA6008A28A1 /* Build configuration list for PBXNativeTarget "JavascriptOff for iPadTests" */;
			buildPhases = (
				B2576D6218688FA6008A28A1 /* Sources */,
				B2576D6318688FA6008A28A1 /* Frameworks */,
				B2576D6418688FA6008A28A1 /* Resources */,
			);
			buildRules = (
			);
			dependencies = (
				B2576D6C18688FA6008A28A1 /* PBXTargetDependency */,
			);
			name = "JavascriptOff for iPadTests";
			productName = "JavascriptOff for iPadTests";
			productReference = B2576D6618688FA6008A28A1 /* JavascriptOff for iPadTests.xctest */;
			productType = "com.apple.product-type.bundle.unit-test";
		};
/* End PBXNativeTarget section */

/* Begin PBXProject section */
		B2576D3D18688FA6008A28A1 /* Project object */ = {
			isa = PBXProject;
			attributes = {
				CLASSPREFIX = LCP;
				LastUpgradeCheck = 0500;
				ORGANIZATIONNAME = "LionCubs Project";
				TargetAttributes = {
					B2576D6518688FA6008A28A1 = {
						TestTargetID = B2576D4418688FA6008A28A1;
					};
				};
			};
			buildConfigurationList = B2576D4018688FA6008A28A1 /* Build configuration list for PBXProject "JavascriptOff for iPad" */;
			compatibilityVersion = "Xcode 3.2";
			developmentRegion = English;
			hasScannedForEncodings = 0;
			knownRegions = (
				en,
				Base,
			);
			mainGroup = B2576D3C18688FA6008A28A1;
			productRefGroup = B2576D4618688FA6008A28A1 /* Products */;
			projectDirPath = "";
			projectRoot = "";
			targets = (
				B2576D4418688FA6008A28A1 /* JavascriptOff for iPad */,
				B2576D6518688FA6008A28A1 /* JavascriptOff for iPadTests */,
			);
		};
/* End PBXProject section */

/* Begin PBXResourcesBuildPhase section */
		B2576D4318688FA6008A28A1 /* Resources */ = {
			isa = PBXResourcesBuildPhase;
			buildActionMask = 2147483647;
			files = (
				B2576D6118688FA6008A28A1 /* Images.xcassets in Resources */,
				B2576D5318688FA6008A28A1 /* InfoPlist.strings in Resources */,
				B2576D5C18688FA6008A28A1 /* Main.storyboard in Resources */,
			);
			runOnlyForDeploymentPostprocessing = 0;
		};
		B2576D6418688FA6008A28A1 /* Resources */ = {
			isa = PBXResourcesBuildPhase;
			buildActionMask = 2147483647;
			files = (
				B2576D7218688FA6008A28A1 /* InfoPlist.strings in Resources */,
			);
			runOnlyForDeploymentPostprocessing = 0;
		};
/* End PBXResourcesBuildPhase section */

/* Begin PBXSourcesBuildPhase section */
		B2576D4118688FA6008A28A1 /* Sources */ = {
			isa = PBXSourcesBuildPhase;
			buildActionMask = 2147483647;
			files = (
				B2576D5F18688FA6008A28A1 /* LCPViewController.m in Sources */,
				B2576D5918688FA6008A28A1 /* LCPAppDelegate.m in Sources */,
				B24511971875BFF3009B328C /* JSOffURLProtocol.m in Sources */,
				B2576D5518688FA6008A28A1 /* main.m in Sources */,
			);
			runOnlyForDeploymentPostprocessing = 0;
		};
		B2576D6218688FA6008A28A1 /* Sources */ = {
			isa = PBXSourcesBuildPhase;
			buildActionMask = 2147483647;
			files = (
				B2576D7418688FA6008A28A1 /* JavascriptOff_for_iPadTests.m in Sources */,
			);
			runOnlyForDeploymentPostprocessing = 0;
		};
/* End PBXSourcesBuildPhase section */

/* Begin PBXTargetDependency section */
		B2576D6C18688FA6008A28A1 /* PBXTargetDependency */ = {
			isa = PBXTargetDependency;
			target = B2576D4418688FA6008A28A1 /* JavascriptOff for iPad */;
			targetProxy = B2576D6B18688FA6008A28A1 /* PBXContainerItemProxy */;
		};
/* End PBXTargetDependency section */

/* Begin PBXVariantGroup section */
		B2576D5118688FA6008A28A1 /* InfoPlist.strings */ = {
			isa = PBXVariantGroup;
			children = (
				B2576D5218688FA6008A28A1 /* en */,
			);
			name = InfoPlist.strings;
			sourceTree = "<group>";
		};
		B2576D5A18688FA6008A28A1 /* Main.storyboard */ = {
			isa = PBXVariantGroup;
			children = (
				B2576D5B18688FA6008A28A1 /* Base */,
			);
			name = Main.storyboard;
			sourceTree = "<group>";
		};
		B2576D7018688FA6008A28A1 /* InfoPlist.strings */ = {
			isa = PBXVariantGroup;
			children = (
				B2576D7118688FA6008A28A1 /* en */,
			);
			name = InfoPlist.strings;
			sourceTree = "<group>";
		};
/* End PBXVariantGroup section */

/* Begin XCBuildConfiguration section */
		B2576D7518688FA6008A28A1 /* Debug */ = {
			isa = XCBuildConfiguration;
			buildSettings = {
				ALWAYS_SEARCH_USER_PATHS = NO;
				ARCHS = "$(ARCHS_STANDARD_INCLUDING_64_BIT)";
				CLANG_CXX_LANGUAGE_STANDARD = "gnu++0x";
				CLANG_CXX_LIBRARY = "libc++";
				CLANG_ENABLE_MODULES = YES;
				CLANG_ENABLE_OBJC_ARC = YES;
				CLANG_WARN_BOOL_CONVERSION = YES;
				CLANG_WARN_CONSTANT_CONVERSION = YES;
				CLANG_WARN_DIRECT_OBJC_ISA_USAGE = YES_ERROR;
				CLANG_WARN_EMPTY_BODY = YES;
				CLANG_WARN_ENUM_CONVERSION = YES;
				CLANG_WARN_INT_CONVERSION = YES;
				CLANG_WARN_OBJC_ROOT_CLASS = YES_ERROR;
				CLANG_WARN__DUPLICATE_METHOD_MATCH = YES;
				"CODE_SIGN_IDENTITY[sdk=iphoneos*]" = "iPhone Developer";
				COPY_PHASE_STRIP = NO;
				GCC_C_LANGUAGE_STANDARD = gnu99;
				GCC_DYNAMIC_NO_PIC = NO;
				GCC_OPTIMIZATION_LEVEL = 0;
				GCC_PREPROCESSOR_DEFINITIONS = (
					"DEBUG=1",
					"$(inherited)",
				);
				GCC_SYMBOLS_PRIVATE_EXTERN = NO;
				GCC_WARN_64_TO_32_BIT_CONVERSION = YES;
				GCC_WARN_ABOUT_RETURN_TYPE = YES_ERROR;
				GCC_WARN_UNDECLARED_SELECTOR = YES;
				GCC_WARN_UNINITIALIZED_AUTOS = YES;
				GCC_WARN_UNUSED_FUNCTION = YES;
				GCC_WARN_UNUSED_VARIABLE = YES;
				IPHONEOS_DEPLOYMENT_TARGET = 7.0;
				ONLY_ACTIVE_ARCH = YES;
				SDKROOT = iphoneos;
				TARGETED_DEVICE_FAMILY = 2;
			};
			name = Debug;
		};
		B2576D7618688FA6008A28A1 /* Release */ = {
			isa = XCBuildConfiguration;
			buildSettings = {
				ALWAYS_SEARCH_USER_PATHS = NO;
				ARCHS = "$(ARCHS_STANDARD_INCLUDING_64_BIT)";
				CLANG_CXX_LANGUAGE_STANDARD = "gnu++0x";
				CLANG_CXX_LIBRARY = "libc++";
				CLANG_ENABLE_MODULES = YES;
				CLANG_ENABLE_OBJC_ARC = YES;
				CLANG_WARN_BOOL_CONVERSION = YES;
				CLANG_WARN_CONSTANT_CONVERSION = YES;
				CLANG_WARN_DIRECT_OBJC_ISA_USAGE = YES_ERROR;
				CLANG_WARN_EMPTY_BODY = YES;
				CLANG_WARN_ENUM_CONVERSION = YES;
				CLANG_WARN_INT_CONVERSION = YES;
				CLANG_WARN_OBJC_ROOT_CLASS = YES_ERROR;
				CLANG_WARN__DUPLICATE_METHOD_MATCH = YES;
				"CODE_SIGN_IDENTITY[sdk=iphoneos*]" = "iPhone Developer";
				COPY_PHASE_STRIP = YES;
				ENABLE_NS_ASSERTIONS = NO;
				GCC_C_LANGUAGE_STANDARD = gnu99;
				GCC_WARN_64_TO_32_BIT_CONVERSION = YES;
				GCC_WARN_ABOUT_RETURN_TYPE = YES_ERROR;
				GCC_WARN_UNDECLARED_SELECTOR = YES;
				GCC_WARN_UNINITIALIZED_AUTOS = YES;
				GCC_WARN_UNUSED_FUNCTION = YES;
				GCC_WARN_UNUSED_VARIABLE = YES;
				IPHONEOS_DEPLOYMENT_TARGET = 7.0;
				SDKROOT = iphoneos;
				TARGETED_DEVICE_FAMILY = 2;
				VALIDATE_PRODUCT = YES;
			};
			name = Release;
		};
		B2576D7818688FA6008A28A1 /* Debug */ = {
			isa = XCBuildConfiguration;
			buildSettings = {
				ASSETCATALOG_COMPILER_APPICON_NAME = AppIcon;
				ASSETCATALOG_COMPILER_LAUNCHIMAGE_NAME = LaunchImage;
				GCC_PRECOMPILE_PREFIX_HEADER = YES;
				GCC_PREFIX_HEADER = "JavascriptOff for iPad/JavascriptOff for iPad-Prefix.pch";
				INFOPLIST_FILE = "JavascriptOff for iPad/JavascriptOff for iPad-Info.plist";
				PRODUCT_NAME = "$(TARGET_NAME)";
				WRAPPER_EXTENSION = app;
			};
			name = Debug;
		};
		B2576D7918688FA6008A28A1 /* Release */ = {
			isa = XCBuildConfiguration;
			buildSettings = {
				ASSETCATALOG_COMPILER_APPICON_NAME = AppIcon;
				ASSETCATALOG_COMPILER_LAUNCHIMAGE_NAME = LaunchImage;
				GCC_PRECOMPILE_PREFIX_HEADER = YES;
				GCC_PREFIX_HEADER = "JavascriptOff for iPad/JavascriptOff for iPad-Prefix.pch";
				INFOPLIST_FILE = "JavascriptOff for iPad/JavascriptOff for iPad-Info.plist";
				PRODUCT_NAME = "$(TARGET_NAME)";
				WRAPPER_EXTENSION = app;
			};
			name = Release;
		};
		B2576D7B18688FA6008A28A1 /* Debug */ = {
			isa = XCBuildConfiguration;
			buildSettings = {
				ARCHS = "$(ARCHS_STANDARD_INCLUDING_64_BIT)";
				BUNDLE_LOADER = "$(BUILT_PRODUCTS_DIR)/JavascriptOff for iPad.app/JavascriptOff for iPad";
				FRAMEWORK_SEARCH_PATHS = (
					"$(SDKROOT)/Developer/Library/Frameworks",
					"$(inherited)",
					"$(DEVELOPER_FRAMEWORKS_DIR)",
				);
				GCC_PRECOMPILE_PREFIX_HEADER = YES;
				GCC_PREFIX_HEADER = "JavascriptOff for iPad/JavascriptOff for iPad-Prefix.pch";
				GCC_PREPROCESSOR_DEFINITIONS = (
					"DEBUG=1",
					"$(inherited)",
				);
				INFOPLIST_FILE = "JavascriptOff for iPadTests/JavascriptOff for iPadTests-Info.plist";
				PRODUCT_NAME = "$(TARGET_NAME)";
				TEST_HOST = "$(BUNDLE_LOADER)";
				WRAPPER_EXTENSION = xctest;
			};
			name = Debug;
		};
		B2576D7C18688FA6008A28A1 /* Release */ = {
			isa = XCBuildConfiguration;
			buildSettings = {
				ARCHS = "$(ARCHS_STANDARD_INCLUDING_64_BIT)";
				BUNDLE_LOADER = "$(BUILT_PRODUCTS_DIR)/JavascriptOff for iPad.app/JavascriptOff for iPad";
				FRAMEWORK_SEARCH_PATHS = (
					"$(SDKROOT)/Developer/Library/Frameworks",
					"$(inherited)",
					"$(DEVELOPER_FRAMEWORKS_DIR)",
				);
				GCC_PRECOMPILE_PREFIX_HEADER = YES;
				GCC_PREFIX_HEADER = "JavascriptOff for iPad/JavascriptOff for iPad-Prefix.pch";
				INFOPLIST_FILE = "JavascriptOff for iPadTests/JavascriptOff for iPadTests-Info.plist";
				PRODUCT_NAME = "$(TARGET_NAME)";
				TEST_HOST = "$(BUNDLE_LOADER)";
				WRAPPER_EXTENSION = xctest;
			};
			name = Release;
		};
/* End XCBuildConfiguration section */

/* Begin XCConfigurationList section */
		B2576D4018688FA6008A28A1 /* Build configuration list for PBXProject "JavascriptOff for iPad" */ = {
			isa = XCConfigurationList;
			buildConfigurations = (
				B2576D7518688FA6008A28A1 /* Debug */,
				B2576D7618688FA6008A28A1 /* Release */,
			);
			defaultConfigurationIsVisible = 0;
			defaultConfigurationName = Release;
		};
		B2576D7718688FA6008A28A1 /* Build configuration list for PBXNativeTarget "JavascriptOff for iPad" */ = {
			isa = XCConfigurationList;
			buildConfigurations = (
				B2576D7818688FA6008A28A1 /* Debug */,
				B2576D7918688FA6008A28A1 /* Release */,
			);
			defaultConfigurationIsVisible = 0;
			defaultConfigurationName = Release;
		};
		B2576D7A18688FA6008A28A1 /* Build configuration list for PBXNativeTarget "JavascriptOff for iPadTests" */ = {
			isa = XCConfigurationList;
			buildConfigurations = (
				B2576D7B18688FA6008A28A1 /* Debug */,
				B2576D7C18688FA6008A28A1 /* Release */,
			);
			defaultConfigurationIsVisible = 0;
			defaultConfigurationName = Release;
		};
/* End XCConfigurationList section */
	};
	rootObject = B2576D3D18688FA6008A28A1 /* Project object */;
}
